{
  "name": "middleman-portfolio",
  "lockfileVersion": 2,
  "requires": true,
  "packages": {
    "": {
      "dependencies": {
        "@glidejs/glide": "^3.6.0"
      },
      "devDependencies": {
        "@types/glidejs__glide": "^3.6.1"
      }
    },
    "node_modules/@glidejs/glide": {
      "version": "3.6.0",
      "resolved": "https://registry.npmjs.org/@glidejs/glide/-/glide-3.6.0.tgz",
      "integrity": "sha512-47Aa+JmYjY4xTFpTtYCwrqirmI1arnp1UZETwtWpbTPisXUAuxrdJxKJLH8KHFWMsSrLi9+AcfyfzDIuO75rEA=="
    },
    "node_modules/@types/glidejs__glide": {
      "version": "3.6.1",
      "resolved": "https://registry.npmjs.org/@types/glidejs__glide/-/glidejs__glide-3.6.1.tgz",
      "integrity": "sha512-+HNjIPLtyRHhyswWSJ9hJjFMw6F9PEpwA+aZGKxh6RE8MceQMrTBeIj5JNc8GwnwdPwb/MLR6aKnkE87usxd9A==",
      "dev": true
    }
  },
  "dependencies": {
    "@glidejs/glide": {
      "version": "3.6.0",
      "resolved": "https://registry.npmjs.org/@glidejs/glide/-/glide-3.6.0.tgz",
      "integrity": "sha512-47Aa+JmYjY4xTFpTtYCwrqirmI1arnp1UZETwtWpbTPisXUAuxrdJxKJLH8KHFWMsSrLi9+AcfyfzDIuO75rEA=="
    },
    "@types/glidejs__glide": {
      "version": "3.6.1",
      "resolved": "https://registry.npmjs.org/@types/glidejs__glide/-/glidejs__glide-3.6.1.tgz",
      "integrity": "sha512-+HNjIPLtyRHhyswWSJ9hJjFMw6F9PEpwA+aZGKxh6RE8MceQMrTBeIj5JNc8GwnwdPwb/MLR6aKnkE87usxd9A==",
      "dev": true
    }
  }
}
